lockfileVersion: '9.0'

settings:
  autoInstallPeers: true
  excludeLinksFromLockfile: false

importers:

  .:
    dependencies:
      '@hono/zod-validator':
        specifier: ^0.3.0
        version: 0.3.0(hono@4.6.3)(zod@3.23.8)
      '@kinde-oss/kinde-typescript-sdk':
        specifier: ^2.9.1
        version: 2.9.1
      drizzle-orm:
        specifier: ^0.35.3
        version: 0.35.3(@libsql/client-wasm@0.14.0)(bun-types@1.1.29)(postgres@3.4.4)
      hono:
        specifier: ^4.6.3
        version: 4.6.3
      postgres:
        specifier: ^3.4.4
        version: 3.4.4
      zod:
        specifier: ^3.23.8
        version: 3.23.8
    devDependencies:
      '@types/bun':
        specifier: latest
        version: 1.1.10

packages:

  '@hono/zod-validator@0.3.0':
    resolution: {integrity: sha512-7XcTk3yYyk6ldrO/VuqsroE7stvDZxHJQcpATRAyha8rUxJNBPV3+6waDrARfgEqxOVlzIadm3/6sE/dPseXgQ==}
    peerDependencies:
      hono: '>=3.9.0'
      zod: ^3.19.1

  '@kinde-oss/kinde-typescript-sdk@2.9.1':
    resolution: {integrity: sha512-3BBFQ3/WgAgoWigfpK9ItUkpyleuHN14in+V44NLWi+zHwE1B8II/HR5CHhw+s6qR1wyJwQh4ddz2tUJwEXysg==}

  '@libsql/client-wasm@0.14.0':
    resolution: {integrity: sha512-gB/jtz0xuwrqAHApBv9e9JSew2030Fhj2edyZ83InZ4yPj/Q2LTUlEhaspEYT0T0xsAGqPy38uGrmq/OGS+DdQ==}
    bundledDependencies:
      - '@libsql/libsql-wasm-experimental'

  '@libsql/core@0.14.0':
    resolution: {integrity: sha512-nhbuXf7GP3PSZgdCY2Ecj8vz187ptHlZQ0VRc751oB2C1W8jQUXKKklvt7t1LJiUTQBVJuadF628eUk+3cRi4Q==}

  '@types/bun@1.1.10':
    resolution: {integrity: sha512-76KYVSwrHwr9zsnk6oLXOGs9KvyBg3U066GLO4rk6JZk1ypEPGCUDZ5yOiESyIHWs9cx9iC8r01utYN32XdmgA==}

  '@types/node@20.12.14':
    resolution: {integrity: sha512-scnD59RpYD91xngrQQLGkE+6UrHUPzeKZWhhjBSa3HSkwjbQc38+q3RoIVEwxQGRw3M+j5hpNAM+lgV3cVormg==}

  '@types/ws@8.5.12':
    resolution: {integrity: sha512-3tPRkv1EtkDpzlgyKyI8pGsGZAGPEaXeu0DOj5DI25Ja91bdAYddYHbADRYVrZMRbfW+1l5YwXVDKohDJNQxkQ==}

  bun-types@1.1.29:
    resolution: {integrity: sha512-En3/TzSPMPyl5UlUB1MHzHpcrZDakTm7mS203eLoX1fBoEa3PW+aSS8GAqVJ7Is/m34Z5ogL+ECniLY0uDaCPw==}

  drizzle-orm@0.35.3:
    resolution: {integrity: sha512-Uv6N+b36x4BaZlxc96e+ag7RnMapBLGhc4SSi2F7RDwqYJipWjaU/P68RUp1FbW9r+mxoDp8nMz2Eece8PJxfA==}
    peerDependencies:
      '@aws-sdk/client-rds-data': '>=3'
      '@cloudflare/workers-types': '>=3'
      '@electric-sql/pglite': '>=0.1.1'
      '@libsql/client': '>=0.10.0'
      '@libsql/client-wasm': '>=0.10.0'
      '@neondatabase/serverless': '>=0.1'
      '@op-engineering/op-sqlite': '>=2'
      '@opentelemetry/api': ^1.4.1
      '@planetscale/database': '>=1'
      '@prisma/client': '*'
      '@tidbcloud/serverless': '*'
      '@types/better-sqlite3': '*'
      '@types/pg': '*'
      '@types/react': '>=18'
      '@types/sql.js': '*'
      '@vercel/postgres': '>=0.8.0'
      '@xata.io/client': '*'
      better-sqlite3: '>=7'
      bun-types: '*'
      expo-sqlite: '>=13.2.0'
      knex: '*'
      kysely: '*'
      mysql2: '>=2'
      pg: '>=8'
      postgres: '>=3'
      prisma: '*'
      react: '>=18'
      sql.js: '>=1'
      sqlite3: '>=5'
    peerDependenciesMeta:
      '@aws-sdk/client-rds-data':
        optional: true
      '@cloudflare/workers-types':
        optional: true
      '@electric-sql/pglite':
        optional: true
      '@libsql/client':
        optional: true
      '@neondatabase/serverless':
        optional: true
      '@op-engineering/op-sqlite':
        optional: true
      '@opentelemetry/api':
        optional: true
      '@planetscale/database':
        optional: true
      '@prisma/client':
        optional: true
      '@tidbcloud/serverless':
        optional: true
      '@types/better-sqlite3':
        optional: true
      '@types/pg':
        optional: true
      '@types/react':
        optional: true
      '@types/sql.js':
        optional: true
      '@vercel/postgres':
        optional: true
      '@xata.io/client':
        optional: true
      better-sqlite3:
        optional: true
      bun-types:
        optional: true
      expo-sqlite:
        optional: true
      knex:
        optional: true
      kysely:
        optional: true
      mysql2:
        optional: true
      pg:
        optional: true
      postgres:
        optional: true
      prisma:
        optional: true
      react:
        optional: true
      sql.js:
        optional: true
      sqlite3:
        optional: true

  hono@4.6.3:
    resolution: {integrity: sha512-0LeEuBNFeSHGqZ9sNVVgZjB1V5fmhkBSB0hZrpqStSMLOWgfLy0dHOvrjbJh0H2khsjet6rbHfWTHY0kpYThKQ==}
    engines: {node: '>=16.9.0'}

  jose@5.9.6:
    resolution: {integrity: sha512-AMlnetc9+CV9asI19zHmrgS/WYsWUwCn2R7RzlbJWD7F9eWYUTGyBmU9o6PxngtLGOiDGPRu+Uc4fhKzbpteZQ==}

  js-base64@3.7.7:
    resolution: {integrity: sha512-7rCnleh0z2CkXhH67J8K1Ytz0b2Y+yxTPL+/KOJoa20hfnVQ/3/T6W/KflYI4bRHRagNeXeU2bkNGI3v1oS/lw==}

  postgres@3.4.4:
    resolution: {integrity: sha512-IbyN+9KslkqcXa8AO9fxpk97PA4pzewvpi2B3Dwy9u4zpV32QicaEdgmF3eSQUzdRk7ttDHQejNgAEr4XoeH4A==}
    engines: {node: '>=12'}

  uncrypto@0.1.3:
    resolution: {integrity: sha512-Ql87qFHB3s/De2ClA9e0gsnS6zXG27SkTiSJwjCc9MebbfapQfuPzumMIUMi38ezPZVNFcHI9sUIepeQfw8J8Q==}

  undici-types@5.26.5:
    resolution: {integrity: sha512-JlCMO+ehdEIKqlFxk6IfVoAUVmgz7cU7zD/h9XZ0qzeosSHmUJVOzSQvvYSYWXkFXC+IfLKSIffhv0sVZup6pA==}

  zod@3.23.8:
    resolution: {integrity: sha512-XBx9AXhXktjUqnepgTiE5flcKIYWi/rme0Eaj+5Y0lftuGBq+jyRu/md4WnuxqgP1ubdpNCsYEYPxrzVHD8d6g==}

snapshots:

  '@hono/zod-validator@0.3.0(hono@4.6.3)(zod@3.23.8)':
    dependencies:
      hono: 4.6.3
      zod: 3.23.8

  '@kinde-oss/kinde-typescript-sdk@2.9.1':
    dependencies:
      jose: 5.9.6
      uncrypto: 0.1.3

  '@libsql/client-wasm@0.14.0':
    dependencies:
      '@libsql/core': 0.14.0
      js-base64: 3.7.7

  '@libsql/core@0.14.0':
    dependencies:
      js-base64: 3.7.7

  '@types/bun@1.1.10':
    dependencies:
      bun-types: 1.1.29

  '@types/node@20.12.14':
    dependencies:
      undici-types: 5.26.5

  '@types/ws@8.5.12':
    dependencies:
      '@types/node': 20.12.14

  bun-types@1.1.29:
    dependencies:
      '@types/node': 20.12.14
      '@types/ws': 8.5.12

  drizzle-orm@0.35.3(@libsql/client-wasm@0.14.0)(bun-types@1.1.29)(postgres@3.4.4):
    dependencies:
      '@libsql/client-wasm': 0.14.0
    optionalDependencies:
      bun-types: 1.1.29
      postgres: 3.4.4

  hono@4.6.3: {}

  jose@5.9.6: {}

  js-base64@3.7.7: {}

  postgres@3.4.4: {}

  uncrypto@0.1.3: {}

  undici-types@5.26.5: {}

  zod@3.23.8: {}
